
Microsoft Visual Studio Solution File, Format Version 12.00
# Visual Studio Version 17
VisualStudioVersion = 17.3.32922.545
MinimumVisualStudioVersion = 10.0.40219.1
Project("{9A19103F-16F7-4668-BE54-9A1E7A4F7556}") = "ShareEbook_v1", "ShareEbook_v1\ShareEbook_v1.csproj", "{7F25E43E-733B-4EA0-AA2C-01020D578E16}"
EndProject
Global
	GlobalSection(SolutionConfigurationPlatforms) = preSolution
		Debug|Any CPU = Debug|Any CPU
		Release|Any CPU = Release|Any CPU
	EndGlobalSection
	GlobalSection(ProjectConfigurationPlatforms) = postSolution
		{7F25E43E-733B-4EA0-AA2C-01020D578E16}.Debug|Any CPU.ActiveCfg = Debug|Any CPU
		{7F25E43E-733B-4EA0-AA2C-01020D578E16}.Debug|Any CPU.Build.0 = Debug|Any CPU
		{7F25E43E-733B-4EA0-AA2C-01020D578E16}.Release|Any CPU.ActiveCfg = Release|Any CPU
		{7F25E43E-733B-4EA0-AA2C-01020D578E16}.Release|Any CPU.Build.0 = Release|Any CPU
	EndGlobalSection
	GlobalSection(SolutionProperties) = preSolution
		HideSolutionNode = FALSE
	EndGlobalSection
	GlobalSection(ExtensibilityGlobals) = postSolution
		SolutionGuid = {772FCC1A-C354-4007-BF5E-8CBDC771297F}
	EndGlobalSection
EndGlobal
